
Microsoft Visual Studio Solution File, Format Version 12.00
# Visual Studio Version 17
VisualStudioVersion = 17.0.31903.59
MinimumVisualStudioVersion = 10.0.40219.1
Project("{FAE04EC0-301F-11D3-BF4B-00C04F79EFBC}") = "API", "API\API.csproj", "{1C8D6889-D6C5-44DA-B6C9-BF99CB206CA0}"
EndProject
Project("{FAE04EC0-301F-11D3-BF4B-00C04F79EFBC}") = "Core", "Core\Core.csproj", "{0BA29D9C-0AC2-402D-BCB3-F28B8D2E1C18}"
EndProject
Project("{FAE04EC0-301F-11D3-BF4B-00C04F79EFBC}") = "Infrastructure", "Infrastructure\Infrastructure.csproj", "{A11F9C7B-364C-45FC-A06F-F8B7717FED64}"
EndProject
Global
	GlobalSection(SolutionConfigurationPlatforms) = preSolution
		Debug|Any CPU = Debug|Any CPU
		Release|Any CPU = Release|Any CPU
	EndGlobalSection
	GlobalSection(SolutionProperties) = preSolution
		HideSolutionNode = FALSE
	EndGlobalSection
	GlobalSection(ProjectConfigurationPlatforms) = postSolution
		{1C8D6889-D6C5-44DA-B6C9-BF99CB206CA0}.Debug|Any CPU.ActiveCfg = Debug|Any CPU
		{1C8D6889-D6C5-44DA-B6C9-BF99CB206CA0}.Debug|Any CPU.Build.0 = Debug|Any CPU
		{1C8D6889-D6C5-44DA-B6C9-BF99CB206CA0}.Release|Any CPU.ActiveCfg = Release|Any CPU
		{1C8D6889-D6C5-44DA-B6C9-BF99CB206CA0}.Release|Any CPU.Build.0 = Release|Any CPU
		{0BA29D9C-0AC2-402D-BCB3-F28B8D2E1C18}.Debug|Any CPU.ActiveCfg = Debug|Any CPU
		{0BA29D9C-0AC2-402D-BCB3-F28B8D2E1C18}.Debug|Any CPU.Build.0 = Debug|Any CPU
		{0BA29D9C-0AC2-402D-BCB3-F28B8D2E1C18}.Release|Any CPU.ActiveCfg = Release|Any CPU
		{0BA29D9C-0AC2-402D-BCB3-F28B8D2E1C18}.Release|Any CPU.Build.0 = Release|Any CPU
		{A11F9C7B-364C-45FC-A06F-F8B7717FED64}.Debug|Any CPU.ActiveCfg = Debug|Any CPU
		{A11F9C7B-364C-45FC-A06F-F8B7717FED64}.Debug|Any CPU.Build.0 = Debug|Any CPU
		{A11F9C7B-364C-45FC-A06F-F8B7717FED64}.Release|Any CPU.ActiveCfg = Release|Any CPU
		{A11F9C7B-364C-45FC-A06F-F8B7717FED64}.Release|Any CPU.Build.0 = Release|Any CPU
	EndGlobalSection
EndGlobal
